
Microsoft Visual Studio Solution File, Format Version 12.00
# Visual Studio Version 17
VisualStudioVersion = 17.8.34316.72
MinimumVisualStudioVersion = 10.0.40219.1
Project("{9A19103F-16F7-4668-BE54-9A1E7A4F7556}") = "FDBCodingChallengeMk1.0", "FDBCodingChallengeMk1.0\FDBCodingChallengeMk1.0.csproj", "{C70FF786-3F9D-46BD-9FAF-12967DB88CF3}"
EndProject
Project("{9A19103F-16F7-4668-BE54-9A1E7A4F7556}") = "Test", "Test\Test.csproj", "{7FF062DF-C50B-41AB-96A1-098708B2D604}"
EndProject
Global
	GlobalSection(SolutionConfigurationPlatforms) = preSolution
		Debug|Any CPU = Debug|Any CPU
		Release|Any CPU = Release|Any CPU
	EndGlobalSection
	GlobalSection(ProjectConfigurationPlatforms) = postSolution
		{C70FF786-3F9D-46BD-9FAF-12967DB88CF3}.Debug|Any CPU.ActiveCfg = Debug|Any CPU
		{C70FF786-3F9D-46BD-9FAF-12967DB88CF3}.Debug|Any CPU.Build.0 = Debug|Any CPU
		{C70FF786-3F9D-46BD-9FAF-12967DB88CF3}.Release|Any CPU.ActiveCfg = Release|Any CPU
		{C70FF786-3F9D-46BD-9FAF-12967DB88CF3}.Release|Any CPU.Build.0 = Release|Any CPU
		{7FF062DF-C50B-41AB-96A1-098708B2D604}.Debug|Any CPU.ActiveCfg = Debug|Any CPU
		{7FF062DF-C50B-41AB-96A1-098708B2D604}.Debug|Any CPU.Build.0 = Debug|Any CPU
		{7FF062DF-C50B-41AB-96A1-098708B2D604}.Release|Any CPU.ActiveCfg = Release|Any CPU
		{7FF062DF-C50B-41AB-96A1-098708B2D604}.Release|Any CPU.Build.0 = Release|Any CPU
	EndGlobalSection
	GlobalSection(SolutionProperties) = preSolution
		HideSolutionNode = FALSE
	EndGlobalSection
	GlobalSection(ExtensibilityGlobals) = postSolution
		SolutionGuid = {BC08598D-A3CE-405F-B843-21ECEB219D8D}
	EndGlobalSection
EndGlobal
